<?xml version="1.0" encoding="utf-8"?>
<Project ToolsVersion="4.0" xmlns="http://schemas.microsoft.com/developer/msbuild/2003">
  <ItemGroup>
    <Filter Include="Source Files">
      <UniqueIdentifier>{0e5da19e-816c-49a9-9947-045a17a89978}</UniqueIdentifier>
    </Filter>
    <Filter Include="Generated Files">
      <UniqueIdentifier>{3071e874-f736-4839-839a-db8f36580a41}</UniqueIdentifier>
      <SourceControlFiles>False</SourceControlFiles>
    </Filter>
  </ItemGroup>
  <ItemGroup>
    <None Include="ReportPhishingps.def" />
  </ItemGroup>
  <ItemGroup>
    <ClCompile Include="ReportPhishing_i.c">
      <Filter>Generated Files</Filter>
    </ClCompile>
    <ClCompile Include="ReportPhishing_p.c">
      <Filter>Generated Files</Filter>
    </ClCompile>
    <ClCompile Include="dlldata.c">
      <Filter>Generated Files</Filter>
    </ClCompile>
  </ItemGroup>
</Project>